
Microsoft Visual Studio Solution File, Format Version 12.00
# Visual Studio 14
VisualStudioVersion = 14.0.24720.0
MinimumVisualStudioVersion = 10.0.40219.1
Project("{FAE04EC0-301F-11D3-BF4B-00C04F79EFBC}") = "DTO", "DTO\DTO.csproj", "{EB25B746-A26C-4D14-917E-F0098A701265}"
EndProject
Project("{FAE04EC0-301F-11D3-BF4B-00C04F79EFBC}") = "DAL", "DAL\DAL.csproj", "{96555699-C728-45AD-9347-63739E75E5C4}"
EndProject
Project("{FAE04EC0-301F-11D3-BF4B-00C04F79EFBC}") = "BLL", "BLL\BLL.csproj", "{1764F15E-60D9-4D81-9E99-1B6B2F610411}"
EndProject
Project("{FAE04EC0-301F-11D3-BF4B-00C04F79EFBC}") = "Interface", "interface\interface\Interface.csproj", "{4E31D2D2-4247-44B7-95F9-367349CFC036}"
EndProject
Global
	GlobalSection(SolutionConfigurationPlatforms) = preSolution
		Debug|Any CPU = Debug|Any CPU
		Release|Any CPU = Release|Any CPU
	EndGlobalSection
	GlobalSection(ProjectConfigurationPlatforms) = postSolution
		{EB25B746-A26C-4D14-917E-F0098A701265}.Debug|Any CPU.ActiveCfg = Debug|Any CPU
		{EB25B746-A26C-4D14-917E-F0098A701265}.Debug|Any CPU.Build.0 = Debug|Any CPU
		{EB25B746-A26C-4D14-917E-F0098A701265}.Release|Any CPU.ActiveCfg = Release|Any CPU
		{EB25B746-A26C-4D14-917E-F0098A701265}.Release|Any CPU.Build.0 = Release|Any CPU
		{96555699-C728-45AD-9347-63739E75E5C4}.Debug|Any CPU.ActiveCfg = Debug|Any CPU
		{96555699-C728-45AD-9347-63739E75E5C4}.Debug|Any CPU.Build.0 = Debug|Any CPU
		{96555699-C728-45AD-9347-63739E75E5C4}.Release|Any CPU.ActiveCfg = Release|Any CPU
		{96555699-C728-45AD-9347-63739E75E5C4}.Release|Any CPU.Build.0 = Release|Any CPU
		{1764F15E-60D9-4D81-9E99-1B6B2F610411}.Debug|Any CPU.ActiveCfg = Debug|Any CPU
		{1764F15E-60D9-4D81-9E99-1B6B2F610411}.Debug|Any CPU.Build.0 = Debug|Any CPU
		{1764F15E-60D9-4D81-9E99-1B6B2F610411}.Release|Any CPU.ActiveCfg = Release|Any CPU
		{1764F15E-60D9-4D81-9E99-1B6B2F610411}.Release|Any CPU.Build.0 = Release|Any CPU
		{4E31D2D2-4247-44B7-95F9-367349CFC036}.Debug|Any CPU.ActiveCfg = Debug|Any CPU
		{4E31D2D2-4247-44B7-95F9-367349CFC036}.Debug|Any CPU.Build.0 = Debug|Any CPU
		{4E31D2D2-4247-44B7-95F9-367349CFC036}.Release|Any CPU.ActiveCfg = Release|Any CPU
		{4E31D2D2-4247-44B7-95F9-367349CFC036}.Release|Any CPU.Build.0 = Release|Any CPU
	EndGlobalSection
	GlobalSection(SolutionProperties) = preSolution
		HideSolutionNode = FALSE
	EndGlobalSection
EndGlobal
